// !$*UTF8*$!
{
	archiveVersion = 1;
	classes = {
	};
	objectVersion = 46;
	objects = {

/* Begin PBXBuildFile section */
		AEC910A21C2DDA5E00B0503B /* AppDelegate.swift in Sources */ = {isa = PBXBuildFile; fileRef = AEC910A11C2DDA5E00B0503B /* AppDelegate.swift */; };
		AEC910A41C2DDA5E00B0503B /* ViewController.swift in Sources */ = {isa = PBXBuildFile; fileRef = AEC910A31C2DDA5E00B0503B /* ViewController.swift */; };
		AEC910A71C2DDA5E00B0503B /* Main.storyboard in Resources */ = {isa = PBXBuildFile; fileRef = AEC910A51C2DDA5E00B0503B /* Main.storyboard */; };
		AEC910A91C2DDA5E00B0503B /* Assets.xcassets in Resources */ = {isa = PBXBuildFile; fileRef = AEC910A81C2DDA5E00B0503B /* Assets.xcassets */; };
		AEC910AC1C2DDA5E00B0503B /* LaunchScreen.storyboard in Resources */ = {isa = PBXBuildFile; fileRef = AEC910AA1C2DDA5E00B0503B /* LaunchScreen.storyboard */; };
/* End PBXBuildFile section */

/* Begin PBXFileReference section */
		AEC9109E1C2DDA5E00B0503B /* Tapper Game.app */ = {isa = PBXFileReference; explicitFileType = wrapper.application; includeInIndex = 0; path = "Tapper Game.app"; sourceTree = BUILT_PRODUCTS_DIR; };
		AEC910A11C2DDA5E00B0503B /* AppDelegate.swift */ = {isa = PBXFileReference; lastKnownFileType = sourcecode.swift; path = AppDelegate.swift; sourceTree = "<group>"; };
		AEC910A31C2DDA5E00B0503B /* ViewController.swift */ = {isa = PBXFileReference; lastKnownFileType = sourcecode.swift; path = ViewController.swift; sourceTree = "<group>"; };
		AEC910A61C2DDA5E00B0503B /* Base */ = {isa = PBXFileReference; lastKnownFileType = file.storyboard; name = Base; path = Base.lproj/Main.storyboard; sourceTree = "<group>"; };
		AEC910A81C2DDA5E00B0503B /* Assets.xcassets */ = {isa = PBXFileReference; lastKnownFileType = folder.assetcatalog; path = Assets.xcassets; sourceTree = "<group>"; };
		AEC910AB1C2DDA5E00B0503B /* Base */ = {isa = PBXFileReference; lastKnownFileType = file.storyboard; name = Base; path = Base.lproj/LaunchScreen.storyboard; sourceTree = "<group>"; };
		AEC910AD1C2DDA5E00B0503B /* Info.plist */ = {isa = PBXFileReference; lastKnownFileType = text.plist.xml; path = Info.plist; sourceTree = "<group>"; };
/* End PBXFileReference section */

/* Begin PBXFrameworksBuildPhase section */
		AEC9109B1C2DDA5E00B0503B /* Frameworks */ = {
			isa = PBXFrameworksBuildPhase;
			buildActionMask = 2147483647;
			files = (
			);
			runOnlyForDeploymentPostprocessing = 0;
		};
/* End PBXFrameworksBuildPhase section */

/* Begin PBXGroup section */
		AEC910951C2DDA5E00B0503B = {
			isa = PBXGroup;
			children = (
				AEC910A01C2DDA5E00B0503B /* Tapper Game */,
				AEC9109F1C2DDA5E00B0503B /* Products */,
			);
			sourceTree = "<group>";
		};
		AEC9109F1C2DDA5E00B0503B /* Products */ = {
			isa = PBXGroup;
			children = (
				AEC9109E1C2DDA5E00B0503B /* Tapper Game.app */,
			);
			name = Products;
			sourceTree = "<group>";
		};
		AEC910A01C2DDA5E00B0503B /* Tapper Game */ = {
			isa = PBXGroup;
			children = (
				AEC910A11C2DDA5E00B0503B /* AppDelegate.swift */,
				AEC910A31C2DDA5E00B0503B /* ViewController.swift */,
				AEC910A51C2DDA5E00B0503B /* Main.storyboard */,
				AEC910A81C2DDA5E00B0503B /* Assets.xcassets */,
				AEC910AA1C2DDA5E00B0503B /* LaunchScreen.storyboard */,
				AEC910AD1C2DDA5E00B0503B /* Info.plist */,
			);
			path = "Tapper Game";
			sourceTree = "<group>";
		};
/* End PBXGroup section */

/* Begin PBXNativeTarget section */
		AEC9109D1C2DDA5E00B0503B /* Tapper Game */ = {
			isa = PBXNativeTarget;
			buildConfigurationList = AEC910B01C2DDA5E00B0503B /* Build configuration list for PBXNativeTarget "Tapper Game" */;
			buildPhases = (
				AEC9109A1C2DDA5E00B0503B /* Sources */,
				AEC9109B1C2DDA5E00B0503B /* Frameworks */,
				AEC9109C1C2DDA5E00B0503B /* Resources */,
			);
			buildRules = (
			);
			dependencies = (
			);
			name = "Tapper Game";
			productName = "Tapper Game";
			productReference = AEC9109E1C2DDA5E00B0503B /* Tapper Game.app */;
			productType = "com.apple.product-type.application";
		};
/* End PBXNativeTarget section */

/* Begin PBXProject section */
		AEC910961C2DDA5E00B0503B /* Project object */ = {
			isa = PBXProject;
			attributes = {
				LastSwiftUpdateCheck = 0720;
				LastUpgradeCheck = 0720;
				ORGANIZATIONNAME = pinej;
				TargetAttributes = {
					AEC9109D1C2DDA5E00B0503B = {
						CreatedOnToolsVersion = 7.2;
						DevelopmentTeam = TH33V5EXTB;
					};
				};
			};
			buildConfigurationList = AEC910991C2DDA5E00B0503B /* Build configuration list for PBXProject "Tapper Game" */;
			compatibilityVersion = "Xcode 3.2";
			developmentRegion = English;
			hasScannedForEncodings = 0;
			knownRegions = (
				en,
				Base,
			);
			mainGroup = AEC910951C2DDA5E00B0503B;
			productRefGroup = AEC9109F1C2DDA5E00B0503B /* Products */;
			projectDirPath = "";
			projectRoot = "";
			targets = (
				AEC9109D1C2DDA5E00B0503B /* Tapper Game */,
			);
		};
/* End PBXProject section */

/* Begin PBXResourcesBuildPhase section */
		AEC9109C1C2DDA5E00B0503B /* Resources */ = {
			isa = PBXResourcesBuildPhase;
			buildActionMask = 2147483647;
			files = (
				AEC910AC1C2DDA5E00B0503B /* LaunchScreen.storyboard in Resources */,
				AEC910A91C2DDA5E00B0503B /* Assets.xcassets in Resources */,
				AEC910A71C2DDA5E00B0503B /* Main.storyboard in Resources */,
			);
			runOnlyForDeploymentPostprocessing = 0;
		};
/* End PBXResourcesBuildPhase section */

/* Begin PBXSourcesBuildPhase section */
		AEC9109A1C2DDA5E00B0503B /* Sources */ = {
			isa = PBXSourcesBuildPhase;
			buildActionMask = 2147483647;
			files = (
				AEC910A41C2DDA5E00B0503B /* ViewController.swift in Sources */,
				AEC910A21C2DDA5E00B0503B /* AppDelegate.swift in Sources */,
			);
			runOnlyForDeploymentPostprocessing = 0;
		};
/* End PBXSourcesBuildPhase section */

/* Begin PBXVariantGroup section */
		AEC910A51C2DDA5E00B0503B /* Main.storyboard */ = {
			isa = PBXVariantGroup;
			children = (
				AEC910A61C2DDA5E00B0503B /* Base */,
			);
			name = Main.storyboard;
			sourceTree = "<group>";
		};
		AEC910AA1C2DDA5E00B0503B /* LaunchScreen.storyboard */ = {
			isa = PBXVariantGroup;
			children = (
				AEC910AB1C2DDA5E00B0503B /* Base */,
			);
			name = LaunchScreen.storyboard;
			sourceTree = "<group>";
		};
/* End PBXVariantGroup section */

/* Begin XCBuildConfiguration section */
		AEC910AE1C2DDA5E00B0503B /* Debug */ = {
			isa = XCBuildConfiguration;
			buildSettings = {
				ALWAYS_SEARCH_USER_PATHS = NO;
				CLANG_CXX_LANGUAGE_STANDARD = "gnu++0x";
				CLANG_CXX_LIBRARY = "libc++";
				CLANG_ENABLE_MODULES = YES;
				CLANG_ENABLE_OBJC_ARC = YES;
				CLANG_WARN_BOOL_CONVERSION = YES;
				CLANG_WARN_CONSTANT_CONVERSION = YES;
				CLANG_WARN_DIRECT_OBJC_ISA_USAGE = YES_ERROR;
				CLANG_WARN_EMPTY_BODY = YES;
				CLANG_WARN_ENUM_CONVERSION = YES;
				CLANG_WARN_INT_CONVERSION = YES;
				CLANG_WARN_OBJC_ROOT_CLASS = YES_ERROR;
				CLANG_WARN_UNREACHABLE_CODE = YES;
				CLANG_WARN__DUPLICATE_METHOD_MATCH = YES;
				"CODE_SIGN_IDENTITY[sdk=iphoneos*]" = "iPhone Developer";
				COPY_PHASE_STRIP = NO;
				DEBUG_INFORMATION_FORMAT = dwarf;
				ENABLE_STRICT_OBJC_MSGSEND = YES;
				ENABLE_TESTABILITY = YES;
				GCC_C_LANGUAGE_STANDARD = gnu99;
				GCC_DYNAMIC_NO_PIC = NO;
				GCC_NO_COMMON_BLOCKS = YES;
				GCC_OPTIMIZATION_LEVEL = 0;
				GCC_PREPROCESSOR_DEFINITIONS = (
					"DEBUG=1",
					"$(inherited)",
				);
				GCC_WARN_64_TO_32_BIT_CONVERSION = YES;
				GCC_WARN_ABOUT_RETURN_TYPE = YES_ERROR;
				GCC_WARN_UNDECLARED_SELECTOR = YES;
				GCC_WARN_UNINITIALIZED_AUTOS = YES_AGGRESSIVE;
				GCC_WARN_UNUSED_FUNCTION = YES;
				GCC_WARN_UNUSED_VARIABLE = YES;
				IPHONEOS_DEPLOYMENT_TARGET = 9.2;
				MTL_ENABLE_DEBUG_INFO = YES;
				ONLY_ACTIVE_ARCH = YES;
				SDKROOT = iphoneos;
				SWIFT_OPTIMIZATION_LEVEL = "-Onone";
			};
			name = Debug;
		};
		AEC910AF1C2DDA5E00B0503B /* Release */ = {
			isa = XCBuildConfiguration;
			buildSettings = {
				ALWAYS_SEARCH_USER_PATHS = NO;
				CLANG_CXX_LANGUAGE_STANDARD = "gnu++0x";
				CLANG_CXX_LIBRARY = "libc++";
				CLANG_ENABLE_MODULES = YES;
				CLANG_ENABLE_OBJC_ARC = YES;
				CLANG_WARN_BOOL_CONVERSION = YES;
				CLANG_WARN_CONSTANT_CONVERSION = YES;
				CLANG_WARN_DIRECT_OBJC_ISA_USAGE = YES_ERROR;
				CLANG_WARN_EMPTY_BODY = YES;
				CLANG_WARN_ENUM_CONVERSION = YES;
				CLANG_WARN_INT_CONVERSION = YES;
				CLANG_WARN_OBJC_ROOT_CLASS = YES_ERROR;
				CLANG_WARN_UNREACHABLE_CODE = YES;
				CLANG_WARN__DUPLICATE_METHOD_MATCH = YES;
				"CODE_SIGN_IDENTITY[sdk=iphoneos*]" = "iPhone Developer";
				COPY_PHASE_STRIP = NO;
				DEBUG_INFORMATION_FORMAT = "dwarf-with-dsym";
				ENABLE_NS_ASSERTIONS = NO;
				ENABLE_STRICT_OBJC_MSGSEND = YES;
				GCC_C_LANGUAGE_STANDARD = gnu99;
				GCC_NO_COMMON_BLOCKS = YES;
				GCC_WARN_64_TO_32_BIT_CONVERSION = YES;
				GCC_WARN_ABOUT_RETURN_TYPE = YES_ERROR;
				GCC_WARN_UNDECLARED_SELECTOR = YES;
				GCC_WARN_UNINITIALIZED_AUTOS = YES_AGGRESSIVE;
				GCC_WARN_UNUSED_FUNCTION = YES;
				GCC_WARN_UNUSED_VARIABLE = YES;
				IPHONEOS_DEPLOYMENT_TARGET = 9.2;
				MTL_ENABLE_DEBUG_INFO = NO;
				SDKROOT = iphoneos;
				VALIDATE_PRODUCT = YES;
			};
			name = Release;
		};
		AEC910B11C2DDA5E00B0503B /* Debug */ = {
			isa = XCBuildConfiguration;
			buildSettings = {
				ASSETCATALOG_COMPILER_APPICON_NAME = AppIcon;
				INFOPLIST_FILE = "Tapper Game/Info.plist";
				LD_RUNPATH_SEARCH_PATHS = "$(inherited) @executable_path/Frameworks";
				PRODUCT_BUNDLE_IDENTIFIER = "com.pinej.Tapper-Game";
				PRODUCT_NAME = "$(TARGET_NAME)";
			};
			name = Debug;
		};
		AEC910B21C2DDA5E00B0503B /* Release */ = {
			isa = XCBuildConfiguration;
			buildSettings = {
				ASSETCATALOG_COMPILER_APPICON_NAME = AppIcon;
				INFOPLIST_FILE = "Tapper Game/Info.plist";
				LD_RUNPATH_SEARCH_PATHS = "$(inherited) @executable_path/Frameworks";
				PRODUCT_BUNDLE_IDENTIFIER = "com.pinej.Tapper-Game";
				PRODUCT_NAME = "$(TARGET_NAME)";
			};
			name = Release;
		};
/* End XCBuildConfiguration section */

/* Begin XCConfigurationList section */
		AEC910991C2DDA5E00B0503B /* Build configuration list for PBXProject "Tapper Game" */ = {
			isa = XCConfigurationList;
			buildConfigurations = (
				AEC910AE1C2DDA5E00B0503B /* Debug */,
				AEC910AF1C2DDA5E00B0503B /* Release */,
			);
			defaultConfigurationIsVisible = 0;
			defaultConfigurationName = Release;
		};
		AEC910B01C2DDA5E00B0503B /* Build configuration list for PBXNativeTarget "Tapper Game" */ = {
			isa = XCConfigurationList;
			buildConfigurations = (
				AEC910B11C2DDA5E00B0503B /* Debug */,
				AEC910B21C2DDA5E00B0503B /* Release */,
			);
			defaultConfigurationIsVisible = 0;
		};
/* End XCConfigurationList section */
	};
	rootObject = AEC910961C2DDA5E00B0503B /* Project object */;
}
